
Microsoft Visual Studio Solution File, Format Version 12.00
# Visual Studio Version 17
VisualStudioVersion = 17.3.32929.385
MinimumVisualStudioVersion = 10.0.40219.1
Project("{2150E333-8FDC-42A3-9474-1A3956D46DE8}") = "STG", "STG", "{93FADD34-6041-4959-A14B-A009DC2661CA}"
	ProjectSection(SolutionItems) = preProject
		.gitignore = .gitignore
		README.md = README.md
	EndProjectSection
EndProject
Project("{2150E333-8FDC-42A3-9474-1A3956D46DE8}") = "Solution Items", "Solution Items", "{EA4D2A5D-2966-4581-92F9-8B3449002669}"
EndProject
Project("{2150E333-8FDC-42A3-9474-1A3956D46DE8}") = "WebsitesSharedLibraries", "WebsitesSharedLibraries", "{1DBEDEBD-9274-4A5E-AB96-19DA3B9F7573}"
EndProject
Project("{9A19103F-16F7-4668-BE54-9A1E7A4F7556}") = "Websites.Razor.ClassLibrary", "WebsitesSharedLibraries\Websites.Razor.ClassLibrary\Websites.Razor.ClassLibrary.csproj", "{189EB274-554F-44CB-9BA1-6C215DCD003E}"
EndProject
Project("{2150E333-8FDC-42A3-9474-1A3956D46DE8}") = "PWS", "PWS", "{42F163A6-1100-4397-A3B5-E9189E616908}"
	ProjectSection(SolutionItems) = preProject
		PWS\swa.ps1 = PWS\swa.ps1
	EndProjectSection
EndProject
Project("{9A19103F-16F7-4668-BE54-9A1E7A4F7556}") = "Api", "PWS\Api\Api.csproj", "{E89BC13D-AAAF-40D2-9128-29FF75ED1E7E}"
EndProject
Project("{9A19103F-16F7-4668-BE54-9A1E7A4F7556}") = "Client", "STG\Client\Client.csproj", "{D47F40BA-D001-4B39-AB07-701FD158EAE9}"
EndProject
Project("{9A19103F-16F7-4668-BE54-9A1E7A4F7556}") = "Client", "PWS\Client\Client.csproj", "{95695BB8-74F0-4723-AD63-DD11F4D59DDF}"
EndProject
Project("{9A19103F-16F7-4668-BE54-9A1E7A4F7556}") = "Shared", "PWS\Shared\Shared.csproj", "{28183A08-440A-4038-A627-4511E9BE0ACA}"
EndProject
Project("{9A19103F-16F7-4668-BE54-9A1E7A4F7556}") = "Shared", "STG\Shared\Shared.csproj", "{FEE15A37-A909-4581-AA48-BA688B4861F9}"
EndProject
Project("{9A19103F-16F7-4668-BE54-9A1E7A4F7556}") = "Websites.Razor.ClassLibrary.Test", "TestProject1\Websites.Razor.ClassLibrary.Test.csproj", "{8E65EF31-4A6B-42A6-86CD-BC28CAB16217}"
EndProject
Global
	GlobalSection(SolutionConfigurationPlatforms) = preSolution
		Debug|Any CPU = Debug|Any CPU
		Release|Any CPU = Release|Any CPU
	EndGlobalSection
	GlobalSection(ProjectConfigurationPlatforms) = postSolution
		{189EB274-554F-44CB-9BA1-6C215DCD003E}.Debug|Any CPU.ActiveCfg = Debug|Any CPU
		{189EB274-554F-44CB-9BA1-6C215DCD003E}.Debug|Any CPU.Build.0 = Debug|Any CPU
		{189EB274-554F-44CB-9BA1-6C215DCD003E}.Release|Any CPU.ActiveCfg = Release|Any CPU
		{189EB274-554F-44CB-9BA1-6C215DCD003E}.Release|Any CPU.Build.0 = Release|Any CPU
		{E89BC13D-AAAF-40D2-9128-29FF75ED1E7E}.Debug|Any CPU.ActiveCfg = Debug|Any CPU
		{E89BC13D-AAAF-40D2-9128-29FF75ED1E7E}.Debug|Any CPU.Build.0 = Debug|Any CPU
		{E89BC13D-AAAF-40D2-9128-29FF75ED1E7E}.Release|Any CPU.ActiveCfg = Release|Any CPU
		{E89BC13D-AAAF-40D2-9128-29FF75ED1E7E}.Release|Any CPU.Build.0 = Release|Any CPU
		{D47F40BA-D001-4B39-AB07-701FD158EAE9}.Debug|Any CPU.ActiveCfg = Debug|Any CPU
		{D47F40BA-D001-4B39-AB07-701FD158EAE9}.Debug|Any CPU.Build.0 = Debug|Any CPU
		{D47F40BA-D001-4B39-AB07-701FD158EAE9}.Release|Any CPU.ActiveCfg = Release|Any CPU
		{D47F40BA-D001-4B39-AB07-701FD158EAE9}.Release|Any CPU.Build.0 = Release|Any CPU
		{95695BB8-74F0-4723-AD63-DD11F4D59DDF}.Debug|Any CPU.ActiveCfg = Debug|Any CPU
		{95695BB8-74F0-4723-AD63-DD11F4D59DDF}.Debug|Any CPU.Build.0 = Debug|Any CPU
		{95695BB8-74F0-4723-AD63-DD11F4D59DDF}.Release|Any CPU.ActiveCfg = Release|Any CPU
		{95695BB8-74F0-4723-AD63-DD11F4D59DDF}.Release|Any CPU.Build.0 = Release|Any CPU
		{28183A08-440A-4038-A627-4511E9BE0ACA}.Debug|Any CPU.ActiveCfg = Debug|Any CPU
		{28183A08-440A-4038-A627-4511E9BE0ACA}.Debug|Any CPU.Build.0 = Debug|Any CPU
		{28183A08-440A-4038-A627-4511E9BE0ACA}.Release|Any CPU.ActiveCfg = Release|Any CPU
		{28183A08-440A-4038-A627-4511E9BE0ACA}.Release|Any CPU.Build.0 = Release|Any CPU
		{FEE15A37-A909-4581-AA48-BA688B4861F9}.Debug|Any CPU.ActiveCfg = Debug|Any CPU
		{FEE15A37-A909-4581-AA48-BA688B4861F9}.Debug|Any CPU.Build.0 = Debug|Any CPU
		{FEE15A37-A909-4581-AA48-BA688B4861F9}.Release|Any CPU.ActiveCfg = Release|Any CPU
		{FEE15A37-A909-4581-AA48-BA688B4861F9}.Release|Any CPU.Build.0 = Release|Any CPU
		{8E65EF31-4A6B-42A6-86CD-BC28CAB16217}.Debug|Any CPU.ActiveCfg = Debug|Any CPU
		{8E65EF31-4A6B-42A6-86CD-BC28CAB16217}.Debug|Any CPU.Build.0 = Debug|Any CPU
		{8E65EF31-4A6B-42A6-86CD-BC28CAB16217}.Release|Any CPU.ActiveCfg = Release|Any CPU
		{8E65EF31-4A6B-42A6-86CD-BC28CAB16217}.Release|Any CPU.Build.0 = Release|Any CPU
	EndGlobalSection
	GlobalSection(SolutionProperties) = preSolution
		HideSolutionNode = FALSE
	EndGlobalSection
	GlobalSection(NestedProjects) = preSolution
		{189EB274-554F-44CB-9BA1-6C215DCD003E} = {1DBEDEBD-9274-4A5E-AB96-19DA3B9F7573}
		{E89BC13D-AAAF-40D2-9128-29FF75ED1E7E} = {42F163A6-1100-4397-A3B5-E9189E616908}
		{D47F40BA-D001-4B39-AB07-701FD158EAE9} = {93FADD34-6041-4959-A14B-A009DC2661CA}
		{95695BB8-74F0-4723-AD63-DD11F4D59DDF} = {42F163A6-1100-4397-A3B5-E9189E616908}
		{28183A08-440A-4038-A627-4511E9BE0ACA} = {42F163A6-1100-4397-A3B5-E9189E616908}
		{FEE15A37-A909-4581-AA48-BA688B4861F9} = {93FADD34-6041-4959-A14B-A009DC2661CA}
		{8E65EF31-4A6B-42A6-86CD-BC28CAB16217} = {1DBEDEBD-9274-4A5E-AB96-19DA3B9F7573}
	EndGlobalSection
	GlobalSection(ExtensibilityGlobals) = postSolution
		SolutionGuid = {4BFECDEB-4F7B-4080-BD4E-F5F49CB94D39}
	EndGlobalSection
EndGlobal
